// !$*UTF8*$!
{
	archiveVersion = 1;
	classes = {
	};
	objectVersion = 48;
	objects = {

/* Begin PBXBuildFile section */
		C2244E1F1FE53E640067FDDC /* AppDelegate.swift in Sources */ = {isa = PBXBuildFile; fileRef = C2244E1E1FE53E640067FDDC /* AppDelegate.swift */; };
		C2244E211FE53E640067FDDC /* ViewController.swift in Sources */ = {isa = PBXBuildFile; fileRef = C2244E201FE53E640067FDDC /* ViewController.swift */; };
		C2244E261FE53E640067FDDC /* Assets.xcassets in Resources */ = {isa = PBXBuildFile; fileRef = C2244E251FE53E640067FDDC /* Assets.xcassets */; };
		C24454A31FE5472200BAABD2 /* LaunchScreen.xib in Resources */ = {isa = PBXBuildFile; fileRef = C24454A21FE5472200BAABD2 /* LaunchScreen.xib */; };
		E4E0F331B38EFDCEA7BA5102 /* Pods_RNTabbedViewPager.framework in Frameworks */ = {isa = PBXBuildFile; fileRef = 3A7600D0CD576583473D49AF /* Pods_RNTabbedViewPager.framework */; };
/* End PBXBuildFile section */

/* Begin PBXFileReference section */
		3A7600D0CD576583473D49AF /* Pods_RNTabbedViewPager.framework */ = {isa = PBXFileReference; explicitFileType = wrapper.framework; includeInIndex = 0; path = Pods_RNTabbedViewPager.framework; sourceTree = BUILT_PRODUCTS_DIR; };
		594731FAEBEC68FC5F30B93E /* Pods-RNTabbedViewPager.release.xcconfig */ = {isa = PBXFileReference; includeInIndex = 1; lastKnownFileType = text.xcconfig; name = "Pods-RNTabbedViewPager.release.xcconfig"; path = "Pods/Target Support Files/Pods-RNTabbedViewPager/Pods-RNTabbedViewPager.release.xcconfig"; sourceTree = "<group>"; };
		C2244E1B1FE53E640067FDDC /* RNTabbedViewPager.app */ = {isa = PBXFileReference; explicitFileType = wrapper.application; includeInIndex = 0; path = RNTabbedViewPager.app; sourceTree = BUILT_PRODUCTS_DIR; };
		C2244E1E1FE53E640067FDDC /* AppDelegate.swift */ = {isa = PBXFileReference; lastKnownFileType = sourcecode.swift; path = AppDelegate.swift; sourceTree = "<group>"; };
		C2244E201FE53E640067FDDC /* ViewController.swift */ = {isa = PBXFileReference; lastKnownFileType = sourcecode.swift; path = ViewController.swift; sourceTree = "<group>"; };
		C2244E251FE53E640067FDDC /* Assets.xcassets */ = {isa = PBXFileReference; lastKnownFileType = folder.assetcatalog; path = Assets.xcassets; sourceTree = "<group>"; };
		C2244E2A1FE53E640067FDDC /* Info.plist */ = {isa = PBXFileReference; lastKnownFileType = text.plist.xml; path = Info.plist; sourceTree = "<group>"; };
		C24454A21FE5472200BAABD2 /* LaunchScreen.xib */ = {isa = PBXFileReference; lastKnownFileType = file.xib; path = LaunchScreen.xib; sourceTree = "<group>"; };
		F445C0854BEA8C11CAFA57BE /* Pods-RNTabbedViewPager.debug.xcconfig */ = {isa = PBXFileReference; includeInIndex = 1; lastKnownFileType = text.xcconfig; name = "Pods-RNTabbedViewPager.debug.xcconfig"; path = "Pods/Target Support Files/Pods-RNTabbedViewPager/Pods-RNTabbedViewPager.debug.xcconfig"; sourceTree = "<group>"; };
/* End PBXFileReference section */

/* Begin PBXFrameworksBuildPhase section */
		C2244E181FE53E640067FDDC /* Frameworks */ = {
			isa = PBXFrameworksBuildPhase;
			buildActionMask = 2147483647;
			files = (
				E4E0F331B38EFDCEA7BA5102 /* Pods_RNTabbedViewPager.framework in Frameworks */,
			);
			runOnlyForDeploymentPostprocessing = 0;
		};
/* End PBXFrameworksBuildPhase section */

/* Begin PBXGroup section */
		C2244E121FE53E640067FDDC = {
			isa = PBXGroup;
			children = (
				C2244E1C1FE53E640067FDDC /* Products */,
				C2244E1D1FE53E640067FDDC /* RNTabbedViewPager */,
				E0C7DC8A570385764AA0A7C8 /* Pods */,
				DD442CCB012E92364FC393A9 /* Frameworks */,
			);
			sourceTree = "<group>";
		};
		C2244E1C1FE53E640067FDDC /* Products */ = {
			isa = PBXGroup;
			children = (
				C2244E1B1FE53E640067FDDC /* RNTabbedViewPager.app */,
			);
			name = Products;
			sourceTree = "<group>";
		};
		C2244E1D1FE53E640067FDDC /* RNTabbedViewPager */ = {
			isa = PBXGroup;
			children = (
				C2244E1E1FE53E640067FDDC /* AppDelegate.swift */,
				C2244E251FE53E640067FDDC /* Assets.xcassets */,
				C2244E2A1FE53E640067FDDC /* Info.plist */,
				C2244E201FE53E640067FDDC /* ViewController.swift */,
				C24454A21FE5472200BAABD2 /* LaunchScreen.xib */,
			);
			path = RNTabbedViewPager;
			sourceTree = "<group>";
		};
		DD442CCB012E92364FC393A9 /* Frameworks */ = {
			isa = PBXGroup;
			children = (
				3A7600D0CD576583473D49AF /* Pods_RNTabbedViewPager.framework */,
			);
			name = Frameworks;
			sourceTree = "<group>";
		};
		E0C7DC8A570385764AA0A7C8 /* Pods */ = {
			isa = PBXGroup;
			children = (
				F445C0854BEA8C11CAFA57BE /* Pods-RNTabbedViewPager.debug.xcconfig */,
				594731FAEBEC68FC5F30B93E /* Pods-RNTabbedViewPager.release.xcconfig */,
			);
			name = Pods;
			sourceTree = "<group>";
		};
/* End PBXGroup section */

/* Begin PBXNativeTarget section */
		C2244E1A1FE53E640067FDDC /* RNTabbedViewPager */ = {
			isa = PBXNativeTarget;
			buildConfigurationList = C2244E2D1FE53E640067FDDC /* Build configuration list for PBXNativeTarget "RNTabbedViewPager" */;
			buildPhases = (
				BD128C4CCCB9D4A258D864C0 /* [CP] Check Pods Manifest.lock */,
				C2244E171FE53E640067FDDC /* Sources */,
				C2244E181FE53E640067FDDC /* Frameworks */,
				C2244E191FE53E640067FDDC /* Resources */,
				B6B0050886EEE4E2C5C7F258 /* [CP] Embed Pods Frameworks */,
				47AD0E5983DED0D13B1C8591 /* [CP] Copy Pods Resources */,
			);
			buildRules = (
			);
			dependencies = (
			);
			name = RNTabbedViewPager;
			productName = RNTabbedViewPager;
			productReference = C2244E1B1FE53E640067FDDC /* RNTabbedViewPager.app */;
			productType = "com.apple.product-type.application";
		};
/* End PBXNativeTarget section */

/* Begin PBXProject section */
		C2244E131FE53E640067FDDC /* Project object */ = {
			isa = PBXProject;
			attributes = {
				LastSwiftUpdateCheck = 0920;
				LastUpgradeCheck = 0920;
				ORGANIZATIONNAME = "Madhusudhan Sambojhu";
				TargetAttributes = {
					C2244E1A1FE53E640067FDDC = {
						CreatedOnToolsVersion = 9.2;
						ProvisioningStyle = Automatic;
					};
				};
			};
			buildConfigurationList = C2244E161FE53E640067FDDC /* Build configuration list for PBXProject "RNTabbedViewPager" */;
			compatibilityVersion = "Xcode 8.0";
			developmentRegion = en;
			hasScannedForEncodings = 0;
			knownRegions = (
				en,
				Base,
			);
			mainGroup = C2244E121FE53E640067FDDC;
			productRefGroup = C2244E1C1FE53E640067FDDC /* Products */;
			projectDirPath = "";
			projectRoot = "";
			targets = (
				C2244E1A1FE53E640067FDDC /* RNTabbedViewPager */,
			);
		};
/* End PBXProject section */

/* Begin PBXResourcesBuildPhase section */
		C2244E191FE53E640067FDDC /* Resources */ = {
			isa = PBXResourcesBuildPhase;
			buildActionMask = 2147483647;
			files = (
				C24454A31FE5472200BAABD2 /* LaunchScreen.xib in Resources */,
				C2244E261FE53E640067FDDC /* Assets.xcassets in Resources */,
			);
			runOnlyForDeploymentPostprocessing = 0;
		};
/* End PBXResourcesBuildPhase section */

/* Begin PBXShellScriptBuildPhase section */
		47AD0E5983DED0D13B1C8591 /* [CP] Copy Pods Resources */ = {
			isa = PBXShellScriptBuildPhase;
			buildActionMask = 2147483647;
			files = (
			);
			inputPaths = (
			);
			name = "[CP] Copy Pods Resources";
			outputPaths = (
			);
			runOnlyForDeploymentPostprocessing = 0;
			shellPath = /bin/sh;
			shellScript = "\"${SRCROOT}/Pods/Target Support Files/Pods-RNTabbedViewPager/Pods-RNTabbedViewPager-resources.sh\"\n";
			showEnvVarsInLog = 0;
		};
		B6B0050886EEE4E2C5C7F258 /* [CP] Embed Pods Frameworks */ = {
			isa = PBXShellScriptBuildPhase;
			buildActionMask = 2147483647;
			files = (
			);
			inputPaths = (
			);
			name = "[CP] Embed Pods Frameworks";
			outputPaths = (
			);
			runOnlyForDeploymentPostprocessing = 0;
			shellPath = /bin/sh;
			shellScript = "\"${SRCROOT}/Pods/Target Support Files/Pods-RNTabbedViewPager/Pods-RNTabbedViewPager-frameworks.sh\"\n";
			showEnvVarsInLog = 0;
		};
		BD128C4CCCB9D4A258D864C0 /* [CP] Check Pods Manifest.lock */ = {
			isa = PBXShellScriptBuildPhase;
			buildActionMask = 2147483647;
			files = (
			);
			inputPaths = (
			);
			name = "[CP] Check Pods Manifest.lock";
			outputPaths = (
			);
			runOnlyForDeploymentPostprocessing = 0;
			shellPath = /bin/sh;
			shellScript = "diff \"${PODS_ROOT}/../Podfile.lock\" \"${PODS_ROOT}/Manifest.lock\" > /dev/null\nif [ $? != 0 ] ; then\n    # print error to STDERR\n    echo \"error: The sandbox is not in sync with the Podfile.lock. Run 'pod install' or update your CocoaPods installation.\" >&2\n    exit 1\nfi\n";
			showEnvVarsInLog = 0;
		};
/* End PBXShellScriptBuildPhase section */

/* Begin PBXSourcesBuildPhase section */
		C2244E171FE53E640067FDDC /* Sources */ = {
			isa = PBXSourcesBuildPhase;
			buildActionMask = 2147483647;
			files = (
				C2244E211FE53E640067FDDC /* ViewController.swift in Sources */,
				C2244E1F1FE53E640067FDDC /* AppDelegate.swift in Sources */,
			);
			runOnlyForDeploymentPostprocessing = 0;
		};
/* End PBXSourcesBuildPhase section */

/* Begin XCBuildConfiguration section */
		C2244E2B1FE53E640067FDDC /* Debug */ = {
			isa = XCBuildConfiguration;
			buildSettings = {
				ALWAYS_SEARCH_USER_PATHS = NO;
				CLANG_ANALYZER_NONNULL = YES;
				CLANG_ANALYZER_NUMBER_OBJECT_CONVERSION = YES_AGGRESSIVE;
				CLANG_CXX_LANGUAGE_STANDARD = "gnu++14";
				CLANG_CXX_LIBRARY = "libc++";
				CLANG_ENABLE_MODULES = YES;
				CLANG_ENABLE_OBJC_ARC = YES;
				CLANG_WARN_BLOCK_CAPTURE_AUTORELEASING = YES;
				CLANG_WARN_BOOL_CONVERSION = YES;
				CLANG_WARN_COMMA = YES;
				CLANG_WARN_CONSTANT_CONVERSION = YES;
				CLANG_WARN_DIRECT_OBJC_ISA_USAGE = YES_ERROR;
				CLANG_WARN_DOCUMENTATION_COMMENTS = YES;
				CLANG_WARN_EMPTY_BODY = YES;
				CLANG_WARN_ENUM_CONVERSION = YES;
				CLANG_WARN_INFINITE_RECURSION = YES;
				CLANG_WARN_INT_CONVERSION = YES;
				CLANG_WARN_NON_LITERAL_NULL_CONVERSION = YES;
				CLANG_WARN_OBJC_LITERAL_CONVERSION = YES;
				CLANG_WARN_OBJC_ROOT_CLASS = YES_ERROR;
				CLANG_WARN_RANGE_LOOP_ANALYSIS = YES;
				CLANG_WARN_STRICT_PROTOTYPES = YES;
				CLANG_WARN_SUSPICIOUS_MOVE = YES;
				CLANG_WARN_UNGUARDED_AVAILABILITY = YES_AGGRESSIVE;
				CLANG_WARN_UNREACHABLE_CODE = YES;
				CLANG_WARN__DUPLICATE_METHOD_MATCH = YES;
				CODE_SIGN_IDENTITY = "iPhone Developer";
				COPY_PHASE_STRIP = NO;
				DEBUG_INFORMATION_FORMAT = dwarf;
				ENABLE_STRICT_OBJC_MSGSEND = YES;
				ENABLE_TESTABILITY = YES;
				GCC_C_LANGUAGE_STANDARD = gnu11;
				GCC_DYNAMIC_NO_PIC = NO;
				GCC_NO_COMMON_BLOCKS = YES;
				GCC_OPTIMIZATION_LEVEL = 0;
				GCC_PREPROCESSOR_DEFINITIONS = (
					"DEBUG=1",
					"$(inherited)",
				);
				GCC_WARN_64_TO_32_BIT_CONVERSION = YES;
				GCC_WARN_ABOUT_RETURN_TYPE = YES_ERROR;
				GCC_WARN_UNDECLARED_SELECTOR = YES;
				GCC_WARN_UNINITIALIZED_AUTOS = YES_AGGRESSIVE;
				GCC_WARN_UNUSED_FUNCTION = YES;
				GCC_WARN_UNUSED_VARIABLE = YES;
				IPHONEOS_DEPLOYMENT_TARGET = 11.2;
				MTL_ENABLE_DEBUG_INFO = YES;
				ONLY_ACTIVE_ARCH = YES;
				SDKROOT = iphoneos;
				SWIFT_ACTIVE_COMPILATION_CONDITIONS = DEBUG;
				SWIFT_OPTIMIZATION_LEVEL = "-Onone";
			};
			name = Debug;
		};
		C2244E2C1FE53E640067FDDC /* Release */ = {
			isa = XCBuildConfiguration;
			buildSettings = {
				ALWAYS_SEARCH_USER_PATHS = NO;
				CLANG_ANALYZER_NONNULL = YES;
				CLANG_ANALYZER_NUMBER_OBJECT_CONVERSION = YES_AGGRESSIVE;
				CLANG_CXX_LANGUAGE_STANDARD = "gnu++14";
				CLANG_CXX_LIBRARY = "libc++";
				CLANG_ENABLE_MODULES = YES;
				CLANG_ENABLE_OBJC_ARC = YES;
				CLANG_WARN_BLOCK_CAPTURE_AUTORELEASING = YES;
				CLANG_WARN_BOOL_CONVERSION = YES;
				CLANG_WARN_COMMA = YES;
				CLANG_WARN_CONSTANT_CONVERSION = YES;
				CLANG_WARN_DIRECT_OBJC_ISA_USAGE = YES_ERROR;
				CLANG_WARN_DOCUMENTATION_COMMENTS = YES;
				CLANG_WARN_EMPTY_BODY = YES;
				CLANG_WARN_ENUM_CONVERSION = YES;
				CLANG_WARN_INFINITE_RECURSION = YES;
				CLANG_WARN_INT_CONVERSION = YES;
				CLANG_WARN_NON_LITERAL_NULL_CONVERSION = YES;
				CLANG_WARN_OBJC_LITERAL_CONVERSION = YES;
				CLANG_WARN_OBJC_ROOT_CLASS = YES_ERROR;
				CLANG_WARN_RANGE_LOOP_ANALYSIS = YES;
				CLANG_WARN_STRICT_PROTOTYPES = YES;
				CLANG_WARN_SUSPICIOUS_MOVE = YES;
				CLANG_WARN_UNGUARDED_AVAILABILITY = YES_AGGRESSIVE;
				CLANG_WARN_UNREACHABLE_CODE = YES;
				CLANG_WARN__DUPLICATE_METHOD_MATCH = YES;
				CODE_SIGN_IDENTITY = "iPhone Developer";
				COPY_PHASE_STRIP = NO;
				DEBUG_INFORMATION_FORMAT = "dwarf-with-dsym";
				ENABLE_NS_ASSERTIONS = NO;
				ENABLE_STRICT_OBJC_MSGSEND = YES;
				GCC_C_LANGUAGE_STANDARD = gnu11;
				GCC_NO_COMMON_BLOCKS = YES;
				GCC_WARN_64_TO_32_BIT_CONVERSION = YES;
				GCC_WARN_ABOUT_RETURN_TYPE = YES_ERROR;
				GCC_WARN_UNDECLARED_SELECTOR = YES;
				GCC_WARN_UNINITIALIZED_AUTOS = YES_AGGRESSIVE;
				GCC_WARN_UNUSED_FUNCTION = YES;
				GCC_WARN_UNUSED_VARIABLE = YES;
				IPHONEOS_DEPLOYMENT_TARGET = 11.2;
				MTL_ENABLE_DEBUG_INFO = NO;
				SDKROOT = iphoneos;
				SWIFT_OPTIMIZATION_LEVEL = "-Owholemodule";
				VALIDATE_PRODUCT = YES;
			};
			name = Release;
		};
		C2244E2E1FE53E640067FDDC /* Debug */ = {
			isa = XCBuildConfiguration;
			baseConfigurationReference = F445C0854BEA8C11CAFA57BE /* Pods-RNTabbedViewPager.debug.xcconfig */;
			buildSettings = {
				ASSETCATALOG_COMPILER_APPICON_NAME = AppIcon;
				CODE_SIGN_STYLE = Automatic;
				INFOPLIST_FILE = RNTabbedViewPager/Info.plist;
				LD_RUNPATH_SEARCH_PATHS = "$(inherited) @executable_path/Frameworks";
				PRODUCT_BUNDLE_IDENTIFIER = is.uncommon.rn.widgets.RNTabbedViewPager;
				PRODUCT_NAME = "$(TARGET_NAME)";
				SWIFT_VERSION = 4.0;
				TARGETED_DEVICE_FAMILY = "1,2";
			};
			name = Debug;
		};
		C2244E2F1FE53E640067FDDC /* Release */ = {
			isa = XCBuildConfiguration;
			baseConfigurationReference = 594731FAEBEC68FC5F30B93E /* Pods-RNTabbedViewPager.release.xcconfig */;
			buildSettings = {
				ASSETCATALOG_COMPILER_APPICON_NAME = AppIcon;
				CODE_SIGN_STYLE = Automatic;
				INFOPLIST_FILE = RNTabbedViewPager/Info.plist;
				LD_RUNPATH_SEARCH_PATHS = "$(inherited) @executable_path/Frameworks";
				PRODUCT_BUNDLE_IDENTIFIER = is.uncommon.rn.widgets.RNTabbedViewPager;
				PRODUCT_NAME = "$(TARGET_NAME)";
				SWIFT_VERSION = 4.0;
				TARGETED_DEVICE_FAMILY = "1,2";
			};
			name = Release;
		};
/* End XCBuildConfiguration section */

/* Begin XCConfigurationList section */
		C2244E161FE53E640067FDDC /* Build configuration list for PBXProject "RNTabbedViewPager" */ = {
			isa = XCConfigurationList;
			buildConfigurations = (
				C2244E2B1FE53E640067FDDC /* Debug */,
				C2244E2C1FE53E640067FDDC /* Release */,
			);
			defaultConfigurationIsVisible = 0;
			defaultConfigurationName = Release;
		};
		C2244E2D1FE53E640067FDDC /* Build configuration list for PBXNativeTarget "RNTabbedViewPager" */ = {
			isa = XCConfigurationList;
			buildConfigurations = (
				C2244E2E1FE53E640067FDDC /* Debug */,
				C2244E2F1FE53E640067FDDC /* Release */,
			);
			defaultConfigurationIsVisible = 0;
			defaultConfigurationName = Release;
		};
/* End XCConfigurationList section */
	};
	rootObject = C2244E131FE53E640067FDDC /* Project object */;
}
